
Microsoft Visual Studio Solution File, Format Version 12.00
# Visual Studio 15
VisualStudioVersion = 15.0.26730.16
MinimumVisualStudioVersion = 10.0.40219.1
Project("{FAE04EC0-301F-11D3-BF4B-00C04F79EFBC}") = "U2X.Barbearia.Web", "U2X.Barbearia.Web\U2X.Barbearia.Web.csproj", "{04DAA22E-A266-488F-9704-2C1C00C2679B}"
EndProject
Global
	GlobalSection(SolutionConfigurationPlatforms) = preSolution
		Debug|Any CPU = Debug|Any CPU
		Release|Any CPU = Release|Any CPU
	EndGlobalSection
	GlobalSection(ProjectConfigurationPlatforms) = postSolution
		{04DAA22E-A266-488F-9704-2C1C00C2679B}.Debug|Any CPU.ActiveCfg = Debug|Any CPU
		{04DAA22E-A266-488F-9704-2C1C00C2679B}.Debug|Any CPU.Build.0 = Debug|Any CPU
		{04DAA22E-A266-488F-9704-2C1C00C2679B}.Release|Any CPU.ActiveCfg = Release|Any CPU
		{04DAA22E-A266-488F-9704-2C1C00C2679B}.Release|Any CPU.Build.0 = Release|Any CPU
	EndGlobalSection
	GlobalSection(SolutionProperties) = preSolution
		HideSolutionNode = FALSE
	EndGlobalSection
	GlobalSection(ExtensibilityGlobals) = postSolution
		SolutionGuid = {5EFA4FF8-5A9E-44B3-9B64-7EBF3699F7A6}
	EndGlobalSection
EndGlobal
